<?xml version="1.0" encoding="utf-8"?>
<Project ToolsVersion="4.0" xmlns="http://schemas.microsoft.com/developer/msbuild/2003">
  <ItemGroup>
    <Filter Include="Source Files">
      <UniqueIdentifier>{4FC737F1-C7A5-4376-A066-2A32D752A2FF}</UniqueIdentifier>
      <Extensions>qml;cpp;c;cc;cxx;def;odl;idl;hpj;bat;asm;asmx</Extensions>
    </Filter>
    <Filter Include="Header Files">
      <UniqueIdentifier>{93995380-89BD-4b04-88EB-625FBE52EBFB}</UniqueIdentifier>
      <Extensions>h;hh;hpp;hxx;hm;inl;inc;xsd</Extensions>
    </Filter>
    <Filter Include="Resource Files">
      <UniqueIdentifier>{67DA6AB6-F800-4c08-8B7A-83BB121AAD01}</UniqueIdentifier>
      <Extensions>qrc;rc;ico;cur;bmp;dlg;rc2;rct;bin;rgs;gif;jpg;jpeg;jpe;resx;tiff;tif;png;wav;mfcribbon-ms</Extensions>
    </Filter>
    <Filter Include="Form Files">
      <UniqueIdentifier>{99349809-55BA-4b9d-BF79-8FDBB0286EB3}</UniqueIdentifier>
      <Extensions>ui</Extensions>
    </Filter>
    <Filter Include="Translation Files">
      <UniqueIdentifier>{639EADAA-A684-42e4-A9AD-28FC9BCB8F7C}</UniqueIdentifier>
      <Extensions>ts</Extensions>
    </Filter>
    <Filter Include="Source Files\widgets">
      <UniqueIdentifier>{bc38bc5c-c5ea-424a-81e6-88195424b61a}</UniqueIdentifier>
    </Filter>
    <Filter Include="Header Files\widgets">
      <UniqueIdentifier>{16786e01-6b19-416e-8428-2cb38a7b9da8}</UniqueIdentifier>
    </Filter>
    <Filter Include="Header Files\io">
      <UniqueIdentifier>{7d84e0fe-f15e-4700-b468-31ca0eab4ecb}</UniqueIdentifier>
    </Filter>
    <Filter Include="Source Files\io">
      <UniqueIdentifier>{28fe4864-9839-4f56-8d6b-e29ae2241c14}</UniqueIdentifier>
    </Filter>
    <Filter Include="Source Files\scene">
      <UniqueIdentifier>{437336e2-f3d5-4422-9991-eda87b96bb1c}</UniqueIdentifier>
    </Filter>
    <Filter Include="Header Files\scene">
      <UniqueIdentifier>{2f8608ec-be79-4676-bc55-300502f7c377}</UniqueIdentifier>
    </Filter>
    <Filter Include="Header Files\math">
      <UniqueIdentifier>{7746dafd-82ad-4932-a87b-eeb1f64f0014}</UniqueIdentifier>
    </Filter>
    <Filter Include="Source Files\math">
      <UniqueIdentifier>{b07ba3dc-618e-4b2d-b77c-05cd68a2d18f}</UniqueIdentifier>
    </Filter>
  </ItemGroup>
  <ItemGroup>
    <QtRcc Include="Assignment.qrc">
      <Filter>Resource Files</Filter>
    </QtRcc>
    <QtUic Include="Assignment.ui">
      <Filter>Form Files</Filter>
    </QtUic>
  </ItemGroup>
  <ItemGroup>
    <ClCompile Include="main.cpp">
      <Filter>Source Files</Filter>
    </ClCompile>
    <ClCompile Include="MainWindow.cpp">
      <Filter>Source Files\widgets</Filter>
    </ClCompile>
    <ClCompile Include="ToolBar.cpp">
      <Filter>Source Files\widgets</Filter>
    </ClCompile>
    <ClCompile Include="MainMenuBar.cpp">
      <Filter>Source Files\widgets</Filter>
    </ClCompile>
    <ClCompile Include="File.cpp">
      <Filter>Source Files\io</Filter>
    </ClCompile>
    <ClCompile Include="Line.cpp">
      <Filter>Source Files\scene</Filter>
    </ClCompile>
    <ClCompile Include="Face.cpp">
      <Filter>Source Files\scene</Filter>
    </ClCompile>
    <ClCompile Include="ShapeCommon.cpp">
      <Filter>Source Files\scene</Filter>
    </ClCompile>
    <ClCompile Include="ViewPort.cpp">
      <Filter>Source Files\widgets</Filter>
    </ClCompile>
    <ClCompile Include="Modal.cpp">
      <Filter>Source Files\widgets</Filter>
    </ClCompile>
    <ClCompile Include="Camera.cpp">
      <Filter>Source Files\scene</Filter>
    </ClCompile>
    <ClCompile Include="Mat3.cpp">
      <Filter>Source Files\math</Filter>
    </ClCompile>
    <ClCompile Include="Transform.cpp">
      <Filter>Source Files\math</Filter>
    </ClCompile>
    <ClCompile Include="SceneStateMachine.cpp">
      <Filter>Source Files\scene</Filter>
    </ClCompile>
    <ClCompile Include="Scene.cpp">
      <Filter>Source Files\scene</Filter>
    </ClCompile>
    <ClCompile Include="SceneState.cpp">
      <Filter>Source Files\scene</Filter>
    </ClCompile>
    <ClCompile Include="DrawFaceState.cpp">
      <Filter>Source Files\scene</Filter>
    </ClCompile>
    <ClCompile Include="SelectLineState.cpp">
      <Filter>Source Files\scene</Filter>
    </ClCompile>
    <ClCompile Include="SelectFaceState.cpp">
      <Filter>Source Files\scene</Filter>
    </ClCompile>
    <ClCompile Include="CameraMoveState.cpp">
      <Filter>Source Files\scene</Filter>
    </ClCompile>
    <ClCompile Include="EditPointState.cpp">
      <Filter>Source Files\scene</Filter>
    </ClCompile>
    <ClCompile Include="EditLineState.cpp">
      <Filter>Source Files\scene</Filter>
    </ClCompile>
    <ClCompile Include="EditFaceState.cpp">
      <Filter>Source Files\scene</Filter>
    </ClCompile>
    <ClCompile Include="DrawLineState.cpp">
      <Filter>Source Files\scene</Filter>
    </ClCompile>
  </ItemGroup>
  <ItemGroup>
    <ClInclude Include="File.h">
      <Filter>Header Files\io</Filter>
    </ClInclude>
    <ClInclude Include="ShapeCommon.h">
      <Filter>Header Files\scene</Filter>
    </ClInclude>
    <ClInclude Include="Line.h">
      <Filter>Header Files\scene</Filter>
    </ClInclude>
    <ClInclude Include="Face.h">
      <Filter>Header Files\scene</Filter>
    </ClInclude>
    <ClInclude Include="Modal.h">
      <Filter>Header Files\widgets</Filter>
    </ClInclude>
    <ClInclude Include="Camera.h">
      <Filter>Header Files\scene</Filter>
    </ClInclude>
    <ClInclude Include="Transform.h">
      <Filter>Header Files\math</Filter>
    </ClInclude>
    <ClInclude Include="Scene.h">
      <Filter>Header Files\scene</Filter>
    </ClInclude>
    <ClInclude Include="Mat3.h">
      <Filter>Header Files\math</Filter>
    </ClInclude>
    <ClInclude Include="SceneState.h">
      <Filter>Header Files\scene</Filter>
    </ClInclude>
    <ClInclude Include="SceneStateMachine.h">
      <Filter>Header Files\scene</Filter>
    </ClInclude>
    <ClInclude Include="DrawLineState.h">
      <Filter>Header Files\scene</Filter>
    </ClInclude>
    <ClInclude Include="DrawFaceState.h">
      <Filter>Header Files\scene</Filter>
    </ClInclude>
  </ItemGroup>
  <ItemGroup>
    <QtMoc Include="MainWindow.h">
      <Filter>Header Files\widgets</Filter>
    </QtMoc>
    <QtMoc Include="ToolBar.h">
      <Filter>Header Files\widgets</Filter>
    </QtMoc>
    <QtMoc Include="MainMenuBar.h">
      <Filter>Header Files\widgets</Filter>
    </QtMoc>
    <QtMoc Include="ViewPort.h">
      <Filter>Header Files\widgets</Filter>
    </QtMoc>
  </ItemGroup>
</Project>